
Microsoft Visual Studio Solution File, Format Version 12.00
# Visual Studio Version 17
VisualStudioVersion = 17.4.33103.184
MinimumVisualStudioVersion = 10.0.40219.1
Project("{FAE04EC0-301F-11D3-BF4B-00C04F79EFBC}") = "Darkwash Theme", "Darkwash Theme\Darkwash Theme.csproj", "{B189A12C-86DD-4DBC-974F-4A59CE7EA430}"
EndProject
Global
	GlobalSection(SolutionConfigurationPlatforms) = preSolution
		Debug|Any CPU = Debug|Any CPU
		Debug|arm64 = Debug|arm64
		Debug|x86 = Debug|x86
		Release|Any CPU = Release|Any CPU
		Release|arm64 = Release|arm64
		Release|x86 = Release|x86
	EndGlobalSection
	GlobalSection(ProjectConfigurationPlatforms) = postSolution
		{B189A12C-86DD-4DBC-974F-4A59CE7EA430}.Debug|Any CPU.ActiveCfg = Debug|Any CPU
		{B189A12C-86DD-4DBC-974F-4A59CE7EA430}.Debug|Any CPU.Build.0 = Debug|Any CPU
		{B189A12C-86DD-4DBC-974F-4A59CE7EA430}.Debug|arm64.ActiveCfg = Debug|arm64
		{B189A12C-86DD-4DBC-974F-4A59CE7EA430}.Debug|arm64.Build.0 = Debug|arm64
		{B189A12C-86DD-4DBC-974F-4A59CE7EA430}.Debug|x86.ActiveCfg = Debug|x86
		{B189A12C-86DD-4DBC-974F-4A59CE7EA430}.Debug|x86.Build.0 = Debug|x86
		{B189A12C-86DD-4DBC-974F-4A59CE7EA430}.Release|Any CPU.ActiveCfg = Release|Any CPU
		{B189A12C-86DD-4DBC-974F-4A59CE7EA430}.Release|Any CPU.Build.0 = Release|Any CPU
		{B189A12C-86DD-4DBC-974F-4A59CE7EA430}.Release|arm64.ActiveCfg = Release|arm64
		{B189A12C-86DD-4DBC-974F-4A59CE7EA430}.Release|arm64.Build.0 = Release|arm64
		{B189A12C-86DD-4DBC-974F-4A59CE7EA430}.Release|x86.ActiveCfg = Release|x86
		{B189A12C-86DD-4DBC-974F-4A59CE7EA430}.Release|x86.Build.0 = Release|x86
	EndGlobalSection
	GlobalSection(SolutionProperties) = preSolution
		HideSolutionNode = FALSE
	EndGlobalSection
	GlobalSection(ExtensibilityGlobals) = postSolution
		SolutionGuid = {FA88B7E5-C838-4D96-8BDC-2D82F340D218}
	EndGlobalSection
EndGlobal
